github.com/google/go-cmp v0.5.9 h1:O2Tfq5qg4qc4AmwVlvv0oLiVAGB7enBSJ2x2DqQFi38=
github.com/google/go-cmp v0.5.9/go.mod h1:17dUlkBOakJ0+DkrSSNjCkIjxS6bF9zb3elmeNGIjoY=
github.com/jhunt/play.spruce.cf v0.0.0-20190115202630-364c01858387 h1:fhLO0keVp5jwq5ZfUTmFG3wtRAyEPGAGUOE/WZscMBY=
github.com/jhunt/play.spruce.cf v0.0.0-20190115202630-364c01858387/go.mod h1:BCUMNLpK8UkzUyVdireugEukOZReGGcKCJ0A0Dq63Wk=
golang.org/x/oauth2 v0.27.0 h1:da9Vo7/tDv5RH/7nZDz1eMGS/q1Vv1N/7FCrBhI9I3M=
golang.org/x/oauth2 v0.27.0/go.mod h1:onh5ek6nERTohokkhCD/y2cV4Do3fxFHFuAejCkRWT8=
